
Microsoft Visual Studio Solution File, Format Version 12.00
# Visual Studio 15
VisualStudioVersion = 15.0.27703.2047
MinimumVisualStudioVersion = 10.0.40219.1
Project("{FAE04EC0-301F-11D3-BF4B-00C04F79EFBC}") = "LooklessControlsApp", "LooklessControlsApp\LooklessControlsApp.csproj", "{C6DE96C7-3F47-47F3-B291-6E950084C260}"
EndProject
Project("{FAE04EC0-301F-11D3-BF4B-00C04F79EFBC}") = "LooklessControls", "LooklessControls\LooklessControls.csproj", "{499F5C23-7668-47AB-A1A2-423AC5405E4B}"
EndProject
Global
	GlobalSection(SolutionConfigurationPlatforms) = preSolution
		Debug|Any CPU = Debug|Any CPU
		Release|Any CPU = Release|Any CPU
	EndGlobalSection
	GlobalSection(ProjectConfigurationPlatforms) = postSolution
		{C6DE96C7-3F47-47F3-B291-6E950084C260}.Debug|Any CPU.ActiveCfg = Debug|Any CPU
		{C6DE96C7-3F47-47F3-B291-6E950084C260}.Debug|Any CPU.Build.0 = Debug|Any CPU
		{C6DE96C7-3F47-47F3-B291-6E950084C260}.Release|Any CPU.ActiveCfg = Release|Any CPU
		{C6DE96C7-3F47-47F3-B291-6E950084C260}.Release|Any CPU.Build.0 = Release|Any CPU
		{499F5C23-7668-47AB-A1A2-423AC5405E4B}.Debug|Any CPU.ActiveCfg = Debug|Any CPU
		{499F5C23-7668-47AB-A1A2-423AC5405E4B}.Debug|Any CPU.Build.0 = Debug|Any CPU
		{499F5C23-7668-47AB-A1A2-423AC5405E4B}.Release|Any CPU.ActiveCfg = Release|Any CPU
		{499F5C23-7668-47AB-A1A2-423AC5405E4B}.Release|Any CPU.Build.0 = Release|Any CPU
	EndGlobalSection
	GlobalSection(SolutionProperties) = preSolution
		HideSolutionNode = FALSE
	EndGlobalSection
	GlobalSection(ExtensibilityGlobals) = postSolution
		SolutionGuid = {DF6F66DA-1296-4422-85C1-4C21E2F89195}
	EndGlobalSection
EndGlobal
